
Microsoft Visual Studio Solution File, Format Version 12.00
# Visual Studio 14
VisualStudioVersion = 14.0.25420.1
MinimumVisualStudioVersion = 10.0.40219.1
Project("{2150E333-8FDC-42A3-9474-1A3956D46DE8}") = "src", "src", "{A16615CD-587B-400E-B3CC-98236D64418C}"
EndProject
Project("{2150E333-8FDC-42A3-9474-1A3956D46DE8}") = "Solution Items", "Solution Items", "{22FD9C30-5869-420A-AE37-7B98FE10DDA3}"
	ProjectSection(SolutionItems) = preProject
		global.json = global.json
		README.md = README.md
	EndProjectSection
EndProject
Project("{8BB2217D-0F2D-49D1-97BC-3654ED321F3B}") = "SonOfCod", "src\SonOfCod\SonOfCod.xproj", "{EE60F48C-61EC-457C-BE45-ED8132D6CEE8}"
EndProject
Project("{8BB2217D-0F2D-49D1-97BC-3654ED321F3B}") = "SonOfCodTests", "src\SonOfCodTests\SonOfCodTests.xproj", "{3A04464C-AB78-467D-9757-671D24C65D94}"
EndProject
Project("{2150E333-8FDC-42A3-9474-1A3956D46DE8}") = "tests", "tests", "{14E3EB92-D69D-41BC-AA3A-E96160DF6021}"
EndProject
Global
	GlobalSection(SolutionConfigurationPlatforms) = preSolution
		Debug|Any CPU = Debug|Any CPU
		Release|Any CPU = Release|Any CPU
	EndGlobalSection
	GlobalSection(ProjectConfigurationPlatforms) = postSolution
		{EE60F48C-61EC-457C-BE45-ED8132D6CEE8}.Debug|Any CPU.ActiveCfg = Debug|Any CPU
		{EE60F48C-61EC-457C-BE45-ED8132D6CEE8}.Debug|Any CPU.Build.0 = Debug|Any CPU
		{EE60F48C-61EC-457C-BE45-ED8132D6CEE8}.Release|Any CPU.ActiveCfg = Release|Any CPU
		{EE60F48C-61EC-457C-BE45-ED8132D6CEE8}.Release|Any CPU.Build.0 = Release|Any CPU
		{3A04464C-AB78-467D-9757-671D24C65D94}.Debug|Any CPU.ActiveCfg = Debug|Any CPU
		{3A04464C-AB78-467D-9757-671D24C65D94}.Debug|Any CPU.Build.0 = Debug|Any CPU
		{3A04464C-AB78-467D-9757-671D24C65D94}.Release|Any CPU.ActiveCfg = Release|Any CPU
		{3A04464C-AB78-467D-9757-671D24C65D94}.Release|Any CPU.Build.0 = Release|Any CPU
	EndGlobalSection
	GlobalSection(SolutionProperties) = preSolution
		HideSolutionNode = FALSE
	EndGlobalSection
	GlobalSection(NestedProjects) = preSolution
		{EE60F48C-61EC-457C-BE45-ED8132D6CEE8} = {A16615CD-587B-400E-B3CC-98236D64418C}
		{3A04464C-AB78-467D-9757-671D24C65D94} = {14E3EB92-D69D-41BC-AA3A-E96160DF6021}
	EndGlobalSection
EndGlobal
